// !$*UTF8*$!
{
	archiveVersion = 1;
	classes = {
	};
	objectVersion = 50;
	objects = {

/* Begin PBXBuildFile section */
		C8FEE7542655117700446DBF /* SwiftUISubtitledButtonApp.swift in Sources */ = {isa = PBXBuildFile; fileRef = C8FEE7412655117600446DBF /* SwiftUISubtitledButtonApp.swift */; };
		C8FEE7552655117700446DBF /* SwiftUISubtitledButtonApp.swift in Sources */ = {isa = PBXBuildFile; fileRef = C8FEE7412655117600446DBF /* SwiftUISubtitledButtonApp.swift */; };
		C8FEE7562655117700446DBF /* ContentView.swift in Sources */ = {isa = PBXBuildFile; fileRef = C8FEE7422655117600446DBF /* ContentView.swift */; };
		C8FEE7572655117700446DBF /* ContentView.swift in Sources */ = {isa = PBXBuildFile; fileRef = C8FEE7422655117600446DBF /* ContentView.swift */; };
		C8FEE7582655117700446DBF /* Assets.xcassets in Resources */ = {isa = PBXBuildFile; fileRef = C8FEE7432655117700446DBF /* Assets.xcassets */; };
		C8FEE7592655117700446DBF /* Assets.xcassets in Resources */ = {isa = PBXBuildFile; fileRef = C8FEE7432655117700446DBF /* Assets.xcassets */; };
/* End PBXBuildFile section */

/* Begin PBXFileReference section */
		C8FEE7412655117600446DBF /* SwiftUISubtitledButtonApp.swift */ = {isa = PBXFileReference; lastKnownFileType = sourcecode.swift; path = SwiftUISubtitledButtonApp.swift; sourceTree = "<group>"; };
		C8FEE7422655117600446DBF /* ContentView.swift */ = {isa = PBXFileReference; lastKnownFileType = sourcecode.swift; path = ContentView.swift; sourceTree = "<group>"; };
		C8FEE7432655117700446DBF /* Assets.xcassets */ = {isa = PBXFileReference; lastKnownFileType = folder.assetcatalog; path = Assets.xcassets; sourceTree = "<group>"; };
		C8FEE7482655117700446DBF /* SwiftUISubtitledButton.app */ = {isa = PBXFileReference; explicitFileType = wrapper.application; includeInIndex = 0; path = SwiftUISubtitledButton.app; sourceTree = BUILT_PRODUCTS_DIR; };
		C8FEE74B2655117700446DBF /* Info.plist */ = {isa = PBXFileReference; lastKnownFileType = text.plist.xml; path = Info.plist; sourceTree = "<group>"; };
		C8FEE7502655117700446DBF /* SwiftUISubtitledButton.app */ = {isa = PBXFileReference; explicitFileType = wrapper.application; includeInIndex = 0; path = SwiftUISubtitledButton.app; sourceTree = BUILT_PRODUCTS_DIR; };
		C8FEE7522655117700446DBF /* Info.plist */ = {isa = PBXFileReference; lastKnownFileType = text.plist.xml; path = Info.plist; sourceTree = "<group>"; };
		C8FEE7532655117700446DBF /* macOS.entitlements */ = {isa = PBXFileReference; lastKnownFileType = text.plist.entitlements; path = macOS.entitlements; sourceTree = "<group>"; };
/* End PBXFileReference section */

/* Begin PBXFrameworksBuildPhase section */
		C8FEE7452655117700446DBF /* Frameworks */ = {
			isa = PBXFrameworksBuildPhase;
			buildActionMask = 2147483647;
			files = (
			);
			runOnlyForDeploymentPostprocessing = 0;
		};
		C8FEE74D2655117700446DBF /* Frameworks */ = {
			isa = PBXFrameworksBuildPhase;
			buildActionMask = 2147483647;
			files = (
			);
			runOnlyForDeploymentPostprocessing = 0;
		};
/* End PBXFrameworksBuildPhase section */

/* Begin PBXGroup section */
		C8FEE73B2655117600446DBF = {
			isa = PBXGroup;
			children = (
				C8FEE7402655117600446DBF /* Shared */,
				C8FEE74A2655117700446DBF /* iOS */,
				C8FEE7512655117700446DBF /* macOS */,
				C8FEE7492655117700446DBF /* Products */,
			);
			sourceTree = "<group>";
		};
		C8FEE7402655117600446DBF /* Shared */ = {
			isa = PBXGroup;
			children = (
				C8FEE7412655117600446DBF /* SwiftUISubtitledButtonApp.swift */,
				C8FEE7422655117600446DBF /* ContentView.swift */,
				C8FEE7432655117700446DBF /* Assets.xcassets */,
			);
			path = Shared;
			sourceTree = "<group>";
		};
		C8FEE7492655117700446DBF /* Products */ = {
			isa = PBXGroup;
			children = (
				C8FEE7482655117700446DBF /* SwiftUISubtitledButton.app */,
				C8FEE7502655117700446DBF /* SwiftUISubtitledButton.app */,
			);
			name = Products;
			sourceTree = "<group>";
		};
		C8FEE74A2655117700446DBF /* iOS */ = {
			isa = PBXGroup;
			children = (
				C8FEE74B2655117700446DBF /* Info.plist */,
			);
			path = iOS;
			sourceTree = "<group>";
		};
		C8FEE7512655117700446DBF /* macOS */ = {
			isa = PBXGroup;
			children = (
				C8FEE7522655117700446DBF /* Info.plist */,
				C8FEE7532655117700446DBF /* macOS.entitlements */,
			);
			path = macOS;
			sourceTree = "<group>";
		};
/* End PBXGroup section */

/* Begin PBXNativeTarget section */
		C8FEE7472655117700446DBF /* SwiftUISubtitledButton (iOS) */ = {
			isa = PBXNativeTarget;
			buildConfigurationList = C8FEE75C2655117700446DBF /* Build configuration list for PBXNativeTarget "SwiftUISubtitledButton (iOS)" */;
			buildPhases = (
				C8FEE7442655117700446DBF /* Sources */,
				C8FEE7452655117700446DBF /* Frameworks */,
				C8FEE7462655117700446DBF /* Resources */,
			);
			buildRules = (
			);
			dependencies = (
			);
			name = "SwiftUISubtitledButton (iOS)";
			productName = "SwiftUISubtitledButton (iOS)";
			productReference = C8FEE7482655117700446DBF /* SwiftUISubtitledButton.app */;
			productType = "com.apple.product-type.application";
		};
		C8FEE74F2655117700446DBF /* SwiftUISubtitledButton (macOS) */ = {
			isa = PBXNativeTarget;
			buildConfigurationList = C8FEE75F2655117700446DBF /* Build configuration list for PBXNativeTarget "SwiftUISubtitledButton (macOS)" */;
			buildPhases = (
				C8FEE74C2655117700446DBF /* Sources */,
				C8FEE74D2655117700446DBF /* Frameworks */,
				C8FEE74E2655117700446DBF /* Resources */,
			);
			buildRules = (
			);
			dependencies = (
			);
			name = "SwiftUISubtitledButton (macOS)";
			productName = "SwiftUISubtitledButton (macOS)";
			productReference = C8FEE7502655117700446DBF /* SwiftUISubtitledButton.app */;
			productType = "com.apple.product-type.application";
		};
/* End PBXNativeTarget section */

/* Begin PBXProject section */
		C8FEE73C2655117600446DBF /* Project object */ = {
			isa = PBXProject;
			attributes = {
				LastSwiftUpdateCheck = 1250;
				LastUpgradeCheck = 1250;
				TargetAttributes = {
					C8FEE7472655117700446DBF = {
						CreatedOnToolsVersion = 12.5;
					};
					C8FEE74F2655117700446DBF = {
						CreatedOnToolsVersion = 12.5;
					};
				};
			};
			buildConfigurationList = C8FEE73F2655117600446DBF /* Build configuration list for PBXProject "SwiftUISubtitledButton" */;
			compatibilityVersion = "Xcode 9.3";
			developmentRegion = en;
			hasScannedForEncodings = 0;
			knownRegions = (
				en,
				Base,
			);
			mainGroup = C8FEE73B2655117600446DBF;
			productRefGroup = C8FEE7492655117700446DBF /* Products */;
			projectDirPath = "";
			projectRoot = "";
			targets = (
				C8FEE7472655117700446DBF /* SwiftUISubtitledButton (iOS) */,
				C8FEE74F2655117700446DBF /* SwiftUISubtitledButton (macOS) */,
			);
		};
/* End PBXProject section */

/* Begin PBXResourcesBuildPhase section */
		C8FEE7462655117700446DBF /* Resources */ = {
			isa = PBXResourcesBuildPhase;
			buildActionMask = 2147483647;
			files = (
				C8FEE7582655117700446DBF /* Assets.xcassets in Resources */,
			);
			runOnlyForDeploymentPostprocessing = 0;
		};
		C8FEE74E2655117700446DBF /* Resources */ = {
			isa = PBXResourcesBuildPhase;
			buildActionMask = 2147483647;
			files = (
				C8FEE7592655117700446DBF /* Assets.xcassets in Resources */,
			);
			runOnlyForDeploymentPostprocessing = 0;
		};
/* End PBXResourcesBuildPhase section */

/* Begin PBXSourcesBuildPhase section */
		C8FEE7442655117700446DBF /* Sources */ = {
			isa = PBXSourcesBuildPhase;
			buildActionMask = 2147483647;
			files = (
				C8FEE7562655117700446DBF /* ContentView.swift in Sources */,
				C8FEE7542655117700446DBF /* SwiftUISubtitledButtonApp.swift in Sources */,
			);
			runOnlyForDeploymentPostprocessing = 0;
		};
		C8FEE74C2655117700446DBF /* Sources */ = {
			isa = PBXSourcesBuildPhase;
			buildActionMask = 2147483647;
			files = (
				C8FEE7572655117700446DBF /* ContentView.swift in Sources */,
				C8FEE7552655117700446DBF /* SwiftUISubtitledButtonApp.swift in Sources */,
			);
			runOnlyForDeploymentPostprocessing = 0;
		};
/* End PBXSourcesBuildPhase section */

/* Begin XCBuildConfiguration section */
		C8FEE75A2655117700446DBF /* Debug */ = {
			isa = XCBuildConfiguration;
			buildSettings = {
				ALWAYS_SEARCH_USER_PATHS = NO;
				CLANG_ANALYZER_NONNULL = YES;
				CLANG_ANALYZER_NUMBER_OBJECT_CONVERSION = YES_AGGRESSIVE;
				CLANG_CXX_LANGUAGE_STANDARD = "gnu++14";
				CLANG_CXX_LIBRARY = "libc++";
				CLANG_ENABLE_MODULES = YES;
				CLANG_ENABLE_OBJC_ARC = YES;
				CLANG_ENABLE_OBJC_WEAK = YES;
				CLANG_WARN_BLOCK_CAPTURE_AUTORELEASING = YES;
				CLANG_WARN_BOOL_CONVERSION = YES;
				CLANG_WARN_COMMA = YES;
				CLANG_WARN_CONSTANT_CONVERSION = YES;
				CLANG_WARN_DEPRECATED_OBJC_IMPLEMENTATIONS = YES;
				CLANG_WARN_DIRECT_OBJC_ISA_USAGE = YES_ERROR;
				CLANG_WARN_DOCUMENTATION_COMMENTS = YES;
				CLANG_WARN_EMPTY_BODY = YES;
				CLANG_WARN_ENUM_CONVERSION = YES;
				CLANG_WARN_INFINITE_RECURSION = YES;
				CLANG_WARN_INT_CONVERSION = YES;
				CLANG_WARN_NON_LITERAL_NULL_CONVERSION = YES;
				CLANG_WARN_OBJC_IMPLICIT_RETAIN_SELF = YES;
				CLANG_WARN_OBJC_LITERAL_CONVERSION = YES;
				CLANG_WARN_OBJC_ROOT_CLASS = YES_ERROR;
				CLANG_WARN_QUOTED_INCLUDE_IN_FRAMEWORK_HEADER = YES;
				CLANG_WARN_RANGE_LOOP_ANALYSIS = YES;
				CLANG_WARN_STRICT_PROTOTYPES = YES;
				CLANG_WARN_SUSPICIOUS_MOVE = YES;
				CLANG_WARN_UNGUARDED_AVAILABILITY = YES_AGGRESSIVE;
				CLANG_WARN_UNREACHABLE_CODE = YES;
				CLANG_WARN__DUPLICATE_METHOD_MATCH = YES;
				COPY_PHASE_STRIP = NO;
				DEBUG_INFORMATION_FORMAT = dwarf;
				ENABLE_STRICT_OBJC_MSGSEND = YES;
				ENABLE_TESTABILITY = YES;
				GCC_C_LANGUAGE_STANDARD = gnu11;
				GCC_DYNAMIC_NO_PIC = NO;
				GCC_NO_COMMON_BLOCKS = YES;
				GCC_OPTIMIZATION_LEVEL = 0;
				GCC_PREPROCESSOR_DEFINITIONS = (
					"DEBUG=1",
					"$(inherited)",
				);
				GCC_WARN_64_TO_32_BIT_CONVERSION = YES;
				GCC_WARN_ABOUT_RETURN_TYPE = YES_ERROR;
				GCC_WARN_UNDECLARED_SELECTOR = YES;
				GCC_WARN_UNINITIALIZED_AUTOS = YES_AGGRESSIVE;
				GCC_WARN_UNUSED_FUNCTION = YES;
				GCC_WARN_UNUSED_VARIABLE = YES;
				MTL_ENABLE_DEBUG_INFO = INCLUDE_SOURCE;
				MTL_FAST_MATH = YES;
				ONLY_ACTIVE_ARCH = YES;
				SWIFT_ACTIVE_COMPILATION_CONDITIONS = DEBUG;
				SWIFT_OPTIMIZATION_LEVEL = "-Onone";
			};
			name = Debug;
		};
		C8FEE75B2655117700446DBF /* Release */ = {
			isa = XCBuildConfiguration;
			buildSettings = {
				ALWAYS_SEARCH_USER_PATHS = NO;
				CLANG_ANALYZER_NONNULL = YES;
				CLANG_ANALYZER_NUMBER_OBJECT_CONVERSION = YES_AGGRESSIVE;
				CLANG_CXX_LANGUAGE_STANDARD = "gnu++14";
				CLANG_CXX_LIBRARY = "libc++";
				CLANG_ENABLE_MODULES = YES;
				CLANG_ENABLE_OBJC_ARC = YES;
				CLANG_ENABLE_OBJC_WEAK = YES;
				CLANG_WARN_BLOCK_CAPTURE_AUTORELEASING = YES;
				CLANG_WARN_BOOL_CONVERSION = YES;
				CLANG_WARN_COMMA = YES;
				CLANG_WARN_CONSTANT_CONVERSION = YES;
				CLANG_WARN_DEPRECATED_OBJC_IMPLEMENTATIONS = YES;
				CLANG_WARN_DIRECT_OBJC_ISA_USAGE = YES_ERROR;
				CLANG_WARN_DOCUMENTATION_COMMENTS = YES;
				CLANG_WARN_EMPTY_BODY = YES;
				CLANG_WARN_ENUM_CONVERSION = YES;
				CLANG_WARN_INFINITE_RECURSION = YES;
				CLANG_WARN_INT_CONVERSION = YES;
				CLANG_WARN_NON_LITERAL_NULL_CONVERSION = YES;
				CLANG_WARN_OBJC_IMPLICIT_RETAIN_SELF = YES;
				CLANG_WARN_OBJC_LITERAL_CONVERSION = YES;
				CLANG_WARN_OBJC_ROOT_CLASS = YES_ERROR;
				CLANG_WARN_QUOTED_INCLUDE_IN_FRAMEWORK_HEADER = YES;
				CLANG_WARN_RANGE_LOOP_ANALYSIS = YES;
				CLANG_WARN_STRICT_PROTOTYPES = YES;
				CLANG_WARN_SUSPICIOUS_MOVE = YES;
				CLANG_WARN_UNGUARDED_AVAILABILITY = YES_AGGRESSIVE;
				CLANG_WARN_UNREACHABLE_CODE = YES;
				CLANG_WARN__DUPLICATE_METHOD_MATCH = YES;
				COPY_PHASE_STRIP = NO;
				DEBUG_INFORMATION_FORMAT = "dwarf-with-dsym";
				ENABLE_NS_ASSERTIONS = NO;
				ENABLE_STRICT_OBJC_MSGSEND = YES;
				GCC_C_LANGUAGE_STANDARD = gnu11;
				GCC_NO_COMMON_BLOCKS = YES;
				GCC_WARN_64_TO_32_BIT_CONVERSION = YES;
				GCC_WARN_ABOUT_RETURN_TYPE = YES_ERROR;
				GCC_WARN_UNDECLARED_SELECTOR = YES;
				GCC_WARN_UNINITIALIZED_AUTOS = YES_AGGRESSIVE;
				GCC_WARN_UNUSED_FUNCTION = YES;
				GCC_WARN_UNUSED_VARIABLE = YES;
				MTL_ENABLE_DEBUG_INFO = NO;
				MTL_FAST_MATH = YES;
				SWIFT_COMPILATION_MODE = wholemodule;
				SWIFT_OPTIMIZATION_LEVEL = "-O";
			};
			name = Release;
		};
		C8FEE75D2655117700446DBF /* Debug */ = {
			isa = XCBuildConfiguration;
			buildSettings = {
				ASSETCATALOG_COMPILER_APPICON_NAME = AppIcon;
				ASSETCATALOG_COMPILER_GLOBAL_ACCENT_COLOR_NAME = AccentColor;
				CODE_SIGN_STYLE = Automatic;
				ENABLE_PREVIEWS = YES;
				INFOPLIST_FILE = iOS/Info.plist;
				IPHONEOS_DEPLOYMENT_TARGET = 14.0;
				LD_RUNPATH_SEARCH_PATHS = (
					"$(inherited)",
					"@executable_path/Frameworks",
				);
				PRODUCT_BUNDLE_IDENTIFIER = com.augmentedcode.SwiftUISubtitledButton;
				PRODUCT_NAME = SwiftUISubtitledButton;
				SDKROOT = iphoneos;
				SWIFT_VERSION = 5.0;
				TARGETED_DEVICE_FAMILY = "1,2";
			};
			name = Debug;
		};
		C8FEE75E2655117700446DBF /* Release */ = {
			isa = XCBuildConfiguration;
			buildSettings = {
				ASSETCATALOG_COMPILER_APPICON_NAME = AppIcon;
				ASSETCATALOG_COMPILER_GLOBAL_ACCENT_COLOR_NAME = AccentColor;
				CODE_SIGN_STYLE = Automatic;
				ENABLE_PREVIEWS = YES;
				INFOPLIST_FILE = iOS/Info.plist;
				IPHONEOS_DEPLOYMENT_TARGET = 14.0;
				LD_RUNPATH_SEARCH_PATHS = (
					"$(inherited)",
					"@executable_path/Frameworks",
				);
				PRODUCT_BUNDLE_IDENTIFIER = com.augmentedcode.SwiftUISubtitledButton;
				PRODUCT_NAME = SwiftUISubtitledButton;
				SDKROOT = iphoneos;
				SWIFT_VERSION = 5.0;
				TARGETED_DEVICE_FAMILY = "1,2";
				VALIDATE_PRODUCT = YES;
			};
			name = Release;
		};
		C8FEE7602655117700446DBF /* Debug */ = {
			isa = XCBuildConfiguration;
			buildSettings = {
				ASSETCATALOG_COMPILER_APPICON_NAME = AppIcon;
				ASSETCATALOG_COMPILER_GLOBAL_ACCENT_COLOR_NAME = AccentColor;
				CODE_SIGN_ENTITLEMENTS = macOS/macOS.entitlements;
				CODE_SIGN_STYLE = Automatic;
				COMBINE_HIDPI_IMAGES = YES;
				ENABLE_PREVIEWS = YES;
				INFOPLIST_FILE = macOS/Info.plist;
				LD_RUNPATH_SEARCH_PATHS = (
					"$(inherited)",
					"@executable_path/../Frameworks",
				);
				MACOSX_DEPLOYMENT_TARGET = 11.0;
				PRODUCT_BUNDLE_IDENTIFIER = com.augmentedcode.SwiftUISubtitledButton;
				PRODUCT_NAME = SwiftUISubtitledButton;
				SDKROOT = macosx;
				SWIFT_VERSION = 5.0;
			};
			name = Debug;
		};
		C8FEE7612655117700446DBF /* Release */ = {
			isa = XCBuildConfiguration;
			buildSettings = {
				ASSETCATALOG_COMPILER_APPICON_NAME = AppIcon;
				ASSETCATALOG_COMPILER_GLOBAL_ACCENT_COLOR_NAME = AccentColor;
				CODE_SIGN_ENTITLEMENTS = macOS/macOS.entitlements;
				CODE_SIGN_STYLE = Automatic;
				COMBINE_HIDPI_IMAGES = YES;
				ENABLE_PREVIEWS = YES;
				INFOPLIST_FILE = macOS/Info.plist;
				LD_RUNPATH_SEARCH_PATHS = (
					"$(inherited)",
					"@executable_path/../Frameworks",
				);
				MACOSX_DEPLOYMENT_TARGET = 11.0;
				PRODUCT_BUNDLE_IDENTIFIER = com.augmentedcode.SwiftUISubtitledButton;
				PRODUCT_NAME = SwiftUISubtitledButton;
				SDKROOT = macosx;
				SWIFT_VERSION = 5.0;
			};
			name = Release;
		};
/* End XCBuildConfiguration section */

/* Begin XCConfigurationList section */
		C8FEE73F2655117600446DBF /* Build configuration list for PBXProject "SwiftUISubtitledButton" */ = {
			isa = XCConfigurationList;
			buildConfigurations = (
				C8FEE75A2655117700446DBF /* Debug */,
				C8FEE75B2655117700446DBF /* Release */,
			);
			defaultConfigurationIsVisible = 0;
			defaultConfigurationName = Release;
		};
		C8FEE75C2655117700446DBF /* Build configuration list for PBXNativeTarget "SwiftUISubtitledButton (iOS)" */ = {
			isa = XCConfigurationList;
			buildConfigurations = (
				C8FEE75D2655117700446DBF /* Debug */,
				C8FEE75E2655117700446DBF /* Release */,
			);
			defaultConfigurationIsVisible = 0;
			defaultConfigurationName = Release;
		};
		C8FEE75F2655117700446DBF /* Build configuration list for PBXNativeTarget "SwiftUISubtitledButton (macOS)" */ = {
			isa = XCConfigurationList;
			buildConfigurations = (
				C8FEE7602655117700446DBF /* Debug */,
				C8FEE7612655117700446DBF /* Release */,
			);
			defaultConfigurationIsVisible = 0;
			defaultConfigurationName = Release;
		};
/* End XCConfigurationList section */
	};
	rootObject = C8FEE73C2655117600446DBF /* Project object */;
}
